
Microsoft Visual Studio Solution File, Format Version 12.00
Project("{FAE04EC0-301F-11D3-BF4B-00C04F79EFBC}") = "AzureKeyVaultTest", "AzureKeyVaultTest\AzureKeyVaultTest.csproj", "{974484EF-85AF-4236-8153-927745C4FA34}"
EndProject
Project("{FAE04EC0-301F-11D3-BF4B-00C04F79EFBC}") = "WebApiKeyVaultTest", "WebApiKeyVaultTest\WebApiKeyVaultTest.csproj", "{96058CBA-E258-45BA-8C8E-B77E7C27F49D}"
EndProject
Global
	GlobalSection(SolutionConfigurationPlatforms) = preSolution
		Debug|Any CPU = Debug|Any CPU
		Release|Any CPU = Release|Any CPU
	EndGlobalSection
	GlobalSection(ProjectConfigurationPlatforms) = postSolution
		{974484EF-85AF-4236-8153-927745C4FA34}.Debug|Any CPU.ActiveCfg = Debug|Any CPU
		{974484EF-85AF-4236-8153-927745C4FA34}.Debug|Any CPU.Build.0 = Debug|Any CPU
		{974484EF-85AF-4236-8153-927745C4FA34}.Release|Any CPU.ActiveCfg = Release|Any CPU
		{974484EF-85AF-4236-8153-927745C4FA34}.Release|Any CPU.Build.0 = Release|Any CPU
		{96058CBA-E258-45BA-8C8E-B77E7C27F49D}.Debug|Any CPU.ActiveCfg = Debug|Any CPU
		{96058CBA-E258-45BA-8C8E-B77E7C27F49D}.Debug|Any CPU.Build.0 = Debug|Any CPU
		{96058CBA-E258-45BA-8C8E-B77E7C27F49D}.Release|Any CPU.ActiveCfg = Release|Any CPU
		{96058CBA-E258-45BA-8C8E-B77E7C27F49D}.Release|Any CPU.Build.0 = Release|Any CPU
	EndGlobalSection
EndGlobal
